
Microsoft Visual Studio Solution File, Format Version 12.00
# Visual Studio Version 17
VisualStudioVersion = 17.8.34322.80
MinimumVisualStudioVersion = 10.0.40219.1
Project("{FAE04EC0-301F-11D3-BF4B-00C04F79EFBC}") = "UD4T2", "UD4T2.csproj", "{DBC16F46-937C-4FF2-8905-828D9B2B2C98}"
EndProject
Global
	GlobalSection(SolutionConfigurationPlatforms) = preSolution
		Debug|Any CPU = Debug|Any CPU
		Release|Any CPU = Release|Any CPU
	EndGlobalSection
	GlobalSection(ProjectConfigurationPlatforms) = postSolution
		{DBC16F46-937C-4FF2-8905-828D9B2B2C98}.Debug|Any CPU.ActiveCfg = Debug|Any CPU
		{DBC16F46-937C-4FF2-8905-828D9B2B2C98}.Debug|Any CPU.Build.0 = Debug|Any CPU
		{DBC16F46-937C-4FF2-8905-828D9B2B2C98}.Debug|Any CPU.Deploy.0 = Debug|Any CPU
		{DBC16F46-937C-4FF2-8905-828D9B2B2C98}.Release|Any CPU.ActiveCfg = Release|Any CPU
		{DBC16F46-937C-4FF2-8905-828D9B2B2C98}.Release|Any CPU.Build.0 = Release|Any CPU
		{DBC16F46-937C-4FF2-8905-828D9B2B2C98}.Release|Any CPU.Deploy.0 = Release|Any CPU
	EndGlobalSection
	GlobalSection(SolutionProperties) = preSolution
		HideSolutionNode = FALSE
	EndGlobalSection
	GlobalSection(ExtensibilityGlobals) = postSolution
		SolutionGuid = {4DD1A251-0640-48FC-95DB-B5D99342F550}
	EndGlobalSection
EndGlobal
